
Microsoft Visual Studio Solution File, Format Version 12.00
# Visual Studio 15
Project("{FAE04EC0-301F-11D3-BF4B-00C04F79EFBC}") = "Assembly-CSharp", "Assembly-CSharp.csproj", "{DBFDF401-93FF-6D29-85D4-5B839EFC4EE3}"
EndProject
Project("{FAE04EC0-301F-11D3-BF4B-00C04F79EFBC}") = "VuforiaScripts", "VuforiaScripts.csproj", "{F297EF70-873B-E5E4-2F98-798812E46282}"
EndProject
Project("{FAE04EC0-301F-11D3-BF4B-00C04F79EFBC}") = "VuforiaEditorScripts", "VuforiaEditorScripts.csproj", "{6EE257E3-9A68-2C18-E7E0-8D84A42460ED}"
EndProject
Global
	GlobalSection(SolutionConfigurationPlatforms) = preSolution
		Debug|Any CPU = Debug|Any CPU
		Release|Any CPU = Release|Any CPU
	EndGlobalSection
	GlobalSection(ProjectConfigurationPlatforms) = postSolution
		{DBFDF401-93FF-6D29-85D4-5B839EFC4EE3}.Debug|Any CPU.ActiveCfg = Debug|Any CPU
		{DBFDF401-93FF-6D29-85D4-5B839EFC4EE3}.Debug|Any CPU.Build.0 = Debug|Any CPU
		{DBFDF401-93FF-6D29-85D4-5B839EFC4EE3}.Release|Any CPU.ActiveCfg = Release|Any CPU
		{DBFDF401-93FF-6D29-85D4-5B839EFC4EE3}.Release|Any CPU.Build.0 = Release|Any CPU
		{F297EF70-873B-E5E4-2F98-798812E46282}.Debug|Any CPU.ActiveCfg = Debug|Any CPU
		{F297EF70-873B-E5E4-2F98-798812E46282}.Debug|Any CPU.Build.0 = Debug|Any CPU
		{F297EF70-873B-E5E4-2F98-798812E46282}.Release|Any CPU.ActiveCfg = Release|Any CPU
		{F297EF70-873B-E5E4-2F98-798812E46282}.Release|Any CPU.Build.0 = Release|Any CPU
		{6EE257E3-9A68-2C18-E7E0-8D84A42460ED}.Debug|Any CPU.ActiveCfg = Debug|Any CPU
		{6EE257E3-9A68-2C18-E7E0-8D84A42460ED}.Debug|Any CPU.Build.0 = Debug|Any CPU
		{6EE257E3-9A68-2C18-E7E0-8D84A42460ED}.Release|Any CPU.ActiveCfg = Release|Any CPU
		{6EE257E3-9A68-2C18-E7E0-8D84A42460ED}.Release|Any CPU.Build.0 = Release|Any CPU
	EndGlobalSection
	GlobalSection(SolutionProperties) = preSolution
		HideSolutionNode = FALSE
	EndGlobalSection
EndGlobal
